
Microsoft Visual Studio Solution File, Format Version 12.00
# Visual Studio 2012
Project("{FAE04EC0-301F-11D3-BF4B-00C04F79EFBC}") = "SokoBomber2.Engine.Lin", "SokoBomber2.Engine\SokoBomber2.Engine.Lin.csproj", "{D96042AF-A553-4839-ADE0-7E006C998339}"
EndProject
Project("{FAE04EC0-301F-11D3-BF4B-00C04F79EFBC}") = "SokoBomber2.CrossPlatform", "SokoBomber2.CrossPlatform\SokoBomber2.CrossPlatform.csproj", "{8DB0F7AF-DC2A-487C-8204-78CD5377528A}"
EndProject
Global
	GlobalSection(SolutionConfigurationPlatforms) = preSolution
		Debug|Any CPU = Debug|Any CPU
		Release|Any CPU = Release|Any CPU
	EndGlobalSection
	GlobalSection(ProjectConfigurationPlatforms) = postSolution
		{D96042AF-A553-4839-ADE0-7E006C998339}.Debug|Any CPU.ActiveCfg = Debug|Any CPU
		{D96042AF-A553-4839-ADE0-7E006C998339}.Debug|Any CPU.Build.0 = Debug|Any CPU
		{D96042AF-A553-4839-ADE0-7E006C998339}.Release|Any CPU.ActiveCfg = Release|Any CPU
		{D96042AF-A553-4839-ADE0-7E006C998339}.Release|Any CPU.Build.0 = Release|Any CPU
		{8DB0F7AF-DC2A-487C-8204-78CD5377528A}.Debug|Any CPU.ActiveCfg = Debug|Any CPU
		{8DB0F7AF-DC2A-487C-8204-78CD5377528A}.Debug|Any CPU.Build.0 = Debug|Any CPU
		{8DB0F7AF-DC2A-487C-8204-78CD5377528A}.Release|Any CPU.ActiveCfg = Release|Any CPU
		{8DB0F7AF-DC2A-487C-8204-78CD5377528A}.Release|Any CPU.Build.0 = Release|Any CPU
	EndGlobalSection
EndGlobal
